// !$*UTF8*$!
{
	archiveVersion = 1;
	classes = {
	};
	objectVersion = 48;
	objects = {

/* Begin PBXBuildFile section */
		A070920B2010DD74006BC763 /* Makefile in Sources */ = {isa = PBXBuildFile; fileRef = A07091FA2010DD72006BC763 /* Makefile */; };
		A08857712010AD9E00B97807 /* main.c in Sources */ = {isa = PBXBuildFile; fileRef = A08857702010AD9E00B97807 /* main.c */; };
		A08857792010AE4500B97807 /* tetris.c in Sources */ = {isa = PBXBuildFile; fileRef = A08857782010AE4500B97807 /* tetris.c */; };
		A088577C2010AEDD00B97807 /* SDL2.framework in Frameworks */ = {isa = PBXBuildFile; fileRef = A088577B2010AEDD00B97807 /* SDL2.framework */; };
		A088577E2010AF1F00B97807 /* SDL2_mixer.framework in Frameworks */ = {isa = PBXBuildFile; fileRef = A088577D2010AF1F00B97807 /* SDL2_mixer.framework */; };
		A08857802010AF9900B97807 /* SDL2_image.framework in Frameworks */ = {isa = PBXBuildFile; fileRef = A088577F2010AF9900B97807 /* SDL2_image.framework */; };
/* End PBXBuildFile section */

/* Begin PBXCopyFilesBuildPhase section */
		A088576B2010AD9E00B97807 /* CopyFiles */ = {
			isa = PBXCopyFilesBuildPhase;
			buildActionMask = 2147483647;
			dstPath = /usr/share/man/man1/;
			dstSubfolderSpec = 0;
			files = (
			);
			runOnlyForDeploymentPostprocessing = 1;
		};
/* End PBXCopyFilesBuildPhase section */

/* Begin PBXFileReference section */
		A07091FA2010DD72006BC763 /* Makefile */ = {isa = PBXFileReference; fileEncoding = 4; lastKnownFileType = sourcecode.make; name = Makefile; path = ../../TetrisGame/src/Makefile; sourceTree = "<group>"; };
		A07091FB2010DD72006BC763 /* SDL2_mixer.dll */ = {isa = PBXFileReference; lastKnownFileType = file; name = SDL2_mixer.dll; path = ../../TetrisGame/src/SDL2_mixer.dll; sourceTree = "<group>"; };
		A07091FC2010DD72006BC763 /* SDL */ = {isa = PBXFileReference; lastKnownFileType = folder; name = SDL; path = ../../TetrisGame/src/SDL; sourceTree = "<group>"; };
		A07091FD2010DD72006BC763 /* libogg-0.dll */ = {isa = PBXFileReference; lastKnownFileType = file; name = "libogg-0.dll"; path = "../../TetrisGame/src/libogg-0.dll"; sourceTree = "<group>"; };
		A07091FE2010DD72006BC763 /* libmodplug-1.dll */ = {isa = PBXFileReference; lastKnownFileType = file; name = "libmodplug-1.dll"; path = "../../TetrisGame/src/libmodplug-1.dll"; sourceTree = "<group>"; };
		A07091FF2010DD72006BC763 /* libmpg123-0.dll */ = {isa = PBXFileReference; lastKnownFileType = file; name = "libmpg123-0.dll"; path = "../../TetrisGame/src/libmpg123-0.dll"; sourceTree = "<group>"; };
		A07092002010DD72006BC763 /* zlib1.dll */ = {isa = PBXFileReference; lastKnownFileType = file; name = zlib1.dll; path = ../../TetrisGame/src/zlib1.dll; sourceTree = "<group>"; };
		A07092012010DD73006BC763 /* libwebp-7.dll */ = {isa = PBXFileReference; lastKnownFileType = file; name = "libwebp-7.dll"; path = "../../TetrisGame/src/libwebp-7.dll"; sourceTree = "<group>"; };
		A07092022010DD73006BC763 /* libtiff-5.dll */ = {isa = PBXFileReference; lastKnownFileType = file; name = "libtiff-5.dll"; path = "../../TetrisGame/src/libtiff-5.dll"; sourceTree = "<group>"; };
		A07092032010DD73006BC763 /* libjpeg-9.dll */ = {isa = PBXFileReference; lastKnownFileType = file; name = "libjpeg-9.dll"; path = "../../TetrisGame/src/libjpeg-9.dll"; sourceTree = "<group>"; };
		A07092042010DD73006BC763 /* libFLAC-8.dll */ = {isa = PBXFileReference; lastKnownFileType = file; name = "libFLAC-8.dll"; path = "../../TetrisGame/src/libFLAC-8.dll"; sourceTree = "<group>"; };
		A07092052010DD73006BC763 /* T.exe */ = {isa = PBXFileReference; lastKnownFileType = file; name = T.exe; path = ../../TetrisGame/src/T.exe; sourceTree = "<group>"; };
		A07092062010DD73006BC763 /* libpng16-16.dll */ = {isa = PBXFileReference; lastKnownFileType = file; name = "libpng16-16.dll"; path = "../../TetrisGame/src/libpng16-16.dll"; sourceTree = "<group>"; };
		A07092072010DD73006BC763 /* SDL2_image.dll */ = {isa = PBXFileReference; lastKnownFileType = file; name = SDL2_image.dll; path = ../../TetrisGame/src/SDL2_image.dll; sourceTree = "<group>"; };
		A07092082010DD73006BC763 /* SDL2.dll */ = {isa = PBXFileReference; lastKnownFileType = file; name = SDL2.dll; path = ../../TetrisGame/src/SDL2.dll; sourceTree = "<group>"; };
		A07092092010DD73006BC763 /* libvorbisfile-3.dll */ = {isa = PBXFileReference; lastKnownFileType = file; name = "libvorbisfile-3.dll"; path = "../../TetrisGame/src/libvorbisfile-3.dll"; sourceTree = "<group>"; };
		A070920A2010DD74006BC763 /* libvorbis-0.dll */ = {isa = PBXFileReference; lastKnownFileType = file; name = "libvorbis-0.dll"; path = "../../TetrisGame/src/libvorbis-0.dll"; sourceTree = "<group>"; };
		A088576D2010AD9E00B97807 /* Blatt11 */ = {isa = PBXFileReference; explicitFileType = "compiled.mach-o.executable"; includeInIndex = 0; path = Blatt11; sourceTree = BUILT_PRODUCTS_DIR; };
		A08857702010AD9E00B97807 /* main.c */ = {isa = PBXFileReference; lastKnownFileType = sourcecode.c.c; path = main.c; sourceTree = "<group>"; };
		A08857772010AE4500B97807 /* tetris.h */ = {isa = PBXFileReference; fileEncoding = 4; lastKnownFileType = sourcecode.c.h; path = tetris.h; sourceTree = "<group>"; };
		A08857782010AE4500B97807 /* tetris.c */ = {isa = PBXFileReference; fileEncoding = 4; lastKnownFileType = sourcecode.c.c; path = tetris.c; sourceTree = "<group>"; };
		A088577B2010AEDD00B97807 /* SDL2.framework */ = {isa = PBXFileReference; lastKnownFileType = wrapper.framework; name = SDL2.framework; path = ../../../../../Library/Frameworks/SDL2.framework; sourceTree = "<group>"; };
		A088577D2010AF1F00B97807 /* SDL2_mixer.framework */ = {isa = PBXFileReference; lastKnownFileType = wrapper.framework; name = SDL2_mixer.framework; path = ../../../../../Library/Frameworks/SDL2_mixer.framework; sourceTree = "<group>"; };
		A088577F2010AF9900B97807 /* SDL2_image.framework */ = {isa = PBXFileReference; lastKnownFileType = wrapper.framework; name = SDL2_image.framework; path = ../../../../../Library/Frameworks/SDL2_image.framework; sourceTree = "<group>"; };
/* End PBXFileReference section */

/* Begin PBXFrameworksBuildPhase section */
		A088576A2010AD9E00B97807 /* Frameworks */ = {
			isa = PBXFrameworksBuildPhase;
			buildActionMask = 2147483647;
			files = (
				A08857802010AF9900B97807 /* SDL2_image.framework in Frameworks */,
				A088577E2010AF1F00B97807 /* SDL2_mixer.framework in Frameworks */,
				A088577C2010AEDD00B97807 /* SDL2.framework in Frameworks */,
			);
			runOnlyForDeploymentPostprocessing = 0;
		};
/* End PBXFrameworksBuildPhase section */

/* Begin PBXGroup section */
		A08857642010AD9E00B97807 = {
			isa = PBXGroup;
			children = (
				A088576F2010AD9E00B97807 /* Blatt11 */,
				A088576E2010AD9E00B97807 /* Products */,
				A088577A2010AEDD00B97807 /* Frameworks */,
			);
			sourceTree = "<group>";
		};
		A088576E2010AD9E00B97807 /* Products */ = {
			isa = PBXGroup;
			children = (
				A088576D2010AD9E00B97807 /* Blatt11 */,
			);
			name = Products;
			sourceTree = "<group>";
		};
		A088576F2010AD9E00B97807 /* Blatt11 */ = {
			isa = PBXGroup;
			children = (
				A08857782010AE4500B97807 /* tetris.c */,
				A08857772010AE4500B97807 /* tetris.h */,
				A08857702010AD9E00B97807 /* main.c */,
				A07092042010DD73006BC763 /* libFLAC-8.dll */,
				A07092032010DD73006BC763 /* libjpeg-9.dll */,
				A07091FE2010DD72006BC763 /* libmodplug-1.dll */,
				A07091FF2010DD72006BC763 /* libmpg123-0.dll */,
				A07091FD2010DD72006BC763 /* libogg-0.dll */,
				A07092062010DD73006BC763 /* libpng16-16.dll */,
				A07092022010DD73006BC763 /* libtiff-5.dll */,
				A070920A2010DD74006BC763 /* libvorbis-0.dll */,
				A07092092010DD73006BC763 /* libvorbisfile-3.dll */,
				A07092012010DD73006BC763 /* libwebp-7.dll */,
				A07091FA2010DD72006BC763 /* Makefile */,
				A07091FC2010DD72006BC763 /* SDL */,
				A07092072010DD73006BC763 /* SDL2_image.dll */,
				A07091FB2010DD72006BC763 /* SDL2_mixer.dll */,
				A07092082010DD73006BC763 /* SDL2.dll */,
				A07092052010DD73006BC763 /* T.exe */,
				A07092002010DD72006BC763 /* zlib1.dll */,
			);
			path = Blatt11;
			sourceTree = "<group>";
		};
		A088577A2010AEDD00B97807 /* Frameworks */ = {
			isa = PBXGroup;
			children = (
				A088577F2010AF9900B97807 /* SDL2_image.framework */,
				A088577D2010AF1F00B97807 /* SDL2_mixer.framework */,
				A088577B2010AEDD00B97807 /* SDL2.framework */,
			);
			name = Frameworks;
			sourceTree = "<group>";
		};
/* End PBXGroup section */

/* Begin PBXNativeTarget section */
		A088576C2010AD9E00B97807 /* Blatt11 */ = {
			isa = PBXNativeTarget;
			buildConfigurationList = A08857742010AD9E00B97807 /* Build configuration list for PBXNativeTarget "Blatt11" */;
			buildPhases = (
				A08857692010AD9E00B97807 /* Sources */,
				A088576A2010AD9E00B97807 /* Frameworks */,
				A088576B2010AD9E00B97807 /* CopyFiles */,
			);
			buildRules = (
			);
			dependencies = (
			);
			name = Blatt11;
			productName = Blatt11;
			productReference = A088576D2010AD9E00B97807 /* Blatt11 */;
			productType = "com.apple.product-type.tool";
		};
/* End PBXNativeTarget section */

/* Begin PBXProject section */
		A08857652010AD9E00B97807 /* Project object */ = {
			isa = PBXProject;
			attributes = {
				LastUpgradeCheck = 0920;
				ORGANIZATIONNAME = "Minh An Pham";
				TargetAttributes = {
					A088576C2010AD9E00B97807 = {
						CreatedOnToolsVersion = 9.2;
						ProvisioningStyle = Automatic;
					};
				};
			};
			buildConfigurationList = A08857682010AD9E00B97807 /* Build configuration list for PBXProject "Blatt11" */;
			compatibilityVersion = "Xcode 8.0";
			developmentRegion = en;
			hasScannedForEncodings = 0;
			knownRegions = (
				en,
			);
			mainGroup = A08857642010AD9E00B97807;
			productRefGroup = A088576E2010AD9E00B97807 /* Products */;
			projectDirPath = "";
			projectRoot = "";
			targets = (
				A088576C2010AD9E00B97807 /* Blatt11 */,
			);
		};
/* End PBXProject section */

/* Begin PBXSourcesBuildPhase section */
		A08857692010AD9E00B97807 /* Sources */ = {
			isa = PBXSourcesBuildPhase;
			buildActionMask = 2147483647;
			files = (
				A070920B2010DD74006BC763 /* Makefile in Sources */,
				A08857792010AE4500B97807 /* tetris.c in Sources */,
				A08857712010AD9E00B97807 /* main.c in Sources */,
			);
			runOnlyForDeploymentPostprocessing = 0;
		};
/* End PBXSourcesBuildPhase section */

/* Begin XCBuildConfiguration section */
		A08857722010AD9E00B97807 /* Debug */ = {
			isa = XCBuildConfiguration;
			buildSettings = {
				ALWAYS_SEARCH_USER_PATHS = NO;
				CLANG_ANALYZER_NONNULL = YES;
				CLANG_ANALYZER_NUMBER_OBJECT_CONVERSION = YES_AGGRESSIVE;
				CLANG_CXX_LANGUAGE_STANDARD = "gnu++14";
				CLANG_CXX_LIBRARY = "libc++";
				CLANG_ENABLE_MODULES = YES;
				CLANG_ENABLE_OBJC_ARC = YES;
				CLANG_WARN_BLOCK_CAPTURE_AUTORELEASING = YES;
				CLANG_WARN_BOOL_CONVERSION = YES;
				CLANG_WARN_COMMA = YES;
				CLANG_WARN_CONSTANT_CONVERSION = YES;
				CLANG_WARN_DIRECT_OBJC_ISA_USAGE = YES_ERROR;
				CLANG_WARN_DOCUMENTATION_COMMENTS = YES;
				CLANG_WARN_EMPTY_BODY = YES;
				CLANG_WARN_ENUM_CONVERSION = YES;
				CLANG_WARN_INFINITE_RECURSION = YES;
				CLANG_WARN_INT_CONVERSION = YES;
				CLANG_WARN_NON_LITERAL_NULL_CONVERSION = YES;
				CLANG_WARN_OBJC_LITERAL_CONVERSION = YES;
				CLANG_WARN_OBJC_ROOT_CLASS = YES_ERROR;
				CLANG_WARN_RANGE_LOOP_ANALYSIS = YES;
				CLANG_WARN_STRICT_PROTOTYPES = YES;
				CLANG_WARN_SUSPICIOUS_MOVE = YES;
				CLANG_WARN_UNGUARDED_AVAILABILITY = YES_AGGRESSIVE;
				CLANG_WARN_UNREACHABLE_CODE = YES;
				CLANG_WARN__DUPLICATE_METHOD_MATCH = YES;
				CODE_SIGN_IDENTITY = "-";
				COPY_PHASE_STRIP = NO;
				DEBUG_INFORMATION_FORMAT = dwarf;
				ENABLE_STRICT_OBJC_MSGSEND = YES;
				ENABLE_TESTABILITY = YES;
				GCC_C_LANGUAGE_STANDARD = gnu11;
				GCC_DYNAMIC_NO_PIC = NO;
				GCC_NO_COMMON_BLOCKS = YES;
				GCC_OPTIMIZATION_LEVEL = 0;
				GCC_PREPROCESSOR_DEFINITIONS = (
					"DEBUG=1",
					"$(inherited)",
				);
				GCC_WARN_64_TO_32_BIT_CONVERSION = YES;
				GCC_WARN_ABOUT_RETURN_TYPE = YES_ERROR;
				GCC_WARN_UNDECLARED_SELECTOR = YES;
				GCC_WARN_UNINITIALIZED_AUTOS = YES_AGGRESSIVE;
				GCC_WARN_UNUSED_FUNCTION = YES;
				GCC_WARN_UNUSED_VARIABLE = YES;
				MACOSX_DEPLOYMENT_TARGET = 10.12;
				MTL_ENABLE_DEBUG_INFO = YES;
				ONLY_ACTIVE_ARCH = YES;
				SDKROOT = macosx;
			};
			name = Debug;
		};
		A08857732010AD9E00B97807 /* Release */ = {
			isa = XCBuildConfiguration;
			buildSettings = {
				ALWAYS_SEARCH_USER_PATHS = NO;
				CLANG_ANALYZER_NONNULL = YES;
				CLANG_ANALYZER_NUMBER_OBJECT_CONVERSION = YES_AGGRESSIVE;
				CLANG_CXX_LANGUAGE_STANDARD = "gnu++14";
				CLANG_CXX_LIBRARY = "libc++";
				CLANG_ENABLE_MODULES = YES;
				CLANG_ENABLE_OBJC_ARC = YES;
				CLANG_WARN_BLOCK_CAPTURE_AUTORELEASING = YES;
				CLANG_WARN_BOOL_CONVERSION = YES;
				CLANG_WARN_COMMA = YES;
				CLANG_WARN_CONSTANT_CONVERSION = YES;
				CLANG_WARN_DIRECT_OBJC_ISA_USAGE = YES_ERROR;
				CLANG_WARN_DOCUMENTATION_COMMENTS = YES;
				CLANG_WARN_EMPTY_BODY = YES;
				CLANG_WARN_ENUM_CONVERSION = YES;
				CLANG_WARN_INFINITE_RECURSION = YES;
				CLANG_WARN_INT_CONVERSION = YES;
				CLANG_WARN_NON_LITERAL_NULL_CONVERSION = YES;
				CLANG_WARN_OBJC_LITERAL_CONVERSION = YES;
				CLANG_WARN_OBJC_ROOT_CLASS = YES_ERROR;
				CLANG_WARN_RANGE_LOOP_ANALYSIS = YES;
				CLANG_WARN_STRICT_PROTOTYPES = YES;
				CLANG_WARN_SUSPICIOUS_MOVE = YES;
				CLANG_WARN_UNGUARDED_AVAILABILITY = YES_AGGRESSIVE;
				CLANG_WARN_UNREACHABLE_CODE = YES;
				CLANG_WARN__DUPLICATE_METHOD_MATCH = YES;
				CODE_SIGN_IDENTITY = "-";
				COPY_PHASE_STRIP = NO;
				DEBUG_INFORMATION_FORMAT = "dwarf-with-dsym";
				ENABLE_NS_ASSERTIONS = NO;
				ENABLE_STRICT_OBJC_MSGSEND = YES;
				GCC_C_LANGUAGE_STANDARD = gnu11;
				GCC_NO_COMMON_BLOCKS = YES;
				GCC_WARN_64_TO_32_BIT_CONVERSION = YES;
				GCC_WARN_ABOUT_RETURN_TYPE = YES_ERROR;
				GCC_WARN_UNDECLARED_SELECTOR = YES;
				GCC_WARN_UNINITIALIZED_AUTOS = YES_AGGRESSIVE;
				GCC_WARN_UNUSED_FUNCTION = YES;
				GCC_WARN_UNUSED_VARIABLE = YES;
				MACOSX_DEPLOYMENT_TARGET = 10.12;
				MTL_ENABLE_DEBUG_INFO = NO;
				SDKROOT = macosx;
			};
			name = Release;
		};
		A08857752010AD9E00B97807 /* Debug */ = {
			isa = XCBuildConfiguration;
			buildSettings = {
				CODE_SIGN_STYLE = Automatic;
				FRAMEWORK_SEARCH_PATHS = (
					"$(inherited)",
					"$(LOCAL_LIBRARY_DIR)/Frameworks",
				);
				PRODUCT_NAME = "$(TARGET_NAME)";
			};
			name = Debug;
		};
		A08857762010AD9E00B97807 /* Release */ = {
			isa = XCBuildConfiguration;
			buildSettings = {
				CODE_SIGN_STYLE = Automatic;
				FRAMEWORK_SEARCH_PATHS = (
					"$(inherited)",
					"$(LOCAL_LIBRARY_DIR)/Frameworks",
				);
				PRODUCT_NAME = "$(TARGET_NAME)";
			};
			name = Release;
		};
/* End XCBuildConfiguration section */

/* Begin XCConfigurationList section */
		A08857682010AD9E00B97807 /* Build configuration list for PBXProject "Blatt11" */ = {
			isa = XCConfigurationList;
			buildConfigurations = (
				A08857722010AD9E00B97807 /* Debug */,
				A08857732010AD9E00B97807 /* Release */,
			);
			defaultConfigurationIsVisible = 0;
			defaultConfigurationName = Release;
		};
		A08857742010AD9E00B97807 /* Build configuration list for PBXNativeTarget "Blatt11" */ = {
			isa = XCConfigurationList;
			buildConfigurations = (
				A08857752010AD9E00B97807 /* Debug */,
				A08857762010AD9E00B97807 /* Release */,
			);
			defaultConfigurationIsVisible = 0;
			defaultConfigurationName = Release;
		};
/* End XCConfigurationList section */
	};
	rootObject = A08857652010AD9E00B97807 /* Project object */;
}
